
Microsoft Visual Studio Solution File, Format Version 12.00
Project("{FAE04EC0-301F-11D3-BF4B-00C04F79EFBC}") = "Core", "Core\Core.csproj", "{504AD253-EFCE-4EFE-BE89-8DCB6FC7EE1D}"
EndProject
Project("{FAE04EC0-301F-11D3-BF4B-00C04F79EFBC}") = "CompilerCore", "CompilerCore\CompilerCore.csproj", "{86C97A7B-0EC9-496C-B2E1-F827CA4247B5}"
EndProject
Project("{FAE04EC0-301F-11D3-BF4B-00C04F79EFBC}") = "Compiler", "Compiler\Compiler.csproj", "{C25E2DB0-32EB-4058-9DB8-646D066AACC4}"
EndProject
Project("{FAE04EC0-301F-11D3-BF4B-00C04F79EFBC}") = "Tests", "Tests\Tests.csproj", "{C28FC3AA-EFC1-441E-A2CF-A98E813E9946}"
EndProject
Global
	GlobalSection(SolutionConfigurationPlatforms) = preSolution
		Debug|Any CPU = Debug|Any CPU
		Release|Any CPU = Release|Any CPU
	EndGlobalSection
	GlobalSection(ProjectConfigurationPlatforms) = postSolution
		{504AD253-EFCE-4EFE-BE89-8DCB6FC7EE1D}.Debug|Any CPU.ActiveCfg = Debug|Any CPU
		{504AD253-EFCE-4EFE-BE89-8DCB6FC7EE1D}.Debug|Any CPU.Build.0 = Debug|Any CPU
		{504AD253-EFCE-4EFE-BE89-8DCB6FC7EE1D}.Release|Any CPU.ActiveCfg = Release|Any CPU
		{504AD253-EFCE-4EFE-BE89-8DCB6FC7EE1D}.Release|Any CPU.Build.0 = Release|Any CPU
		{86C97A7B-0EC9-496C-B2E1-F827CA4247B5}.Debug|Any CPU.ActiveCfg = Debug|Any CPU
		{86C97A7B-0EC9-496C-B2E1-F827CA4247B5}.Debug|Any CPU.Build.0 = Debug|Any CPU
		{86C97A7B-0EC9-496C-B2E1-F827CA4247B5}.Release|Any CPU.ActiveCfg = Release|Any CPU
		{86C97A7B-0EC9-496C-B2E1-F827CA4247B5}.Release|Any CPU.Build.0 = Release|Any CPU
		{C25E2DB0-32EB-4058-9DB8-646D066AACC4}.Debug|Any CPU.ActiveCfg = Debug|Any CPU
		{C25E2DB0-32EB-4058-9DB8-646D066AACC4}.Debug|Any CPU.Build.0 = Debug|Any CPU
		{C25E2DB0-32EB-4058-9DB8-646D066AACC4}.Release|Any CPU.ActiveCfg = Release|Any CPU
		{C25E2DB0-32EB-4058-9DB8-646D066AACC4}.Release|Any CPU.Build.0 = Release|Any CPU
		{C28FC3AA-EFC1-441E-A2CF-A98E813E9946}.Debug|Any CPU.ActiveCfg = Debug|Any CPU
		{C28FC3AA-EFC1-441E-A2CF-A98E813E9946}.Debug|Any CPU.Build.0 = Debug|Any CPU
		{C28FC3AA-EFC1-441E-A2CF-A98E813E9946}.Release|Any CPU.ActiveCfg = Release|Any CPU
		{C28FC3AA-EFC1-441E-A2CF-A98E813E9946}.Release|Any CPU.Build.0 = Release|Any CPU
	EndGlobalSection
EndGlobal
